
Microsoft Visual Studio Solution File, Format Version 12.00
# Visual Studio Version 16
VisualStudioVersion = 16.0.29709.97
MinimumVisualStudioVersion = 10.0.40219.1
Project("{FAE04EC0-301F-11D3-BF4B-00C04F79EFBC}") = "Lab2_4", "Lab2_4\Lab2_4.csproj", "{D284A45F-238B-42B2-8AFC-87B0ECCB2777}"
EndProject
Global
	GlobalSection(SolutionConfigurationPlatforms) = preSolution
		Debug|Any CPU = Debug|Any CPU
		Release|Any CPU = Release|Any CPU
	EndGlobalSection
	GlobalSection(ProjectConfigurationPlatforms) = postSolution
		{D284A45F-238B-42B2-8AFC-87B0ECCB2777}.Debug|Any CPU.ActiveCfg = Debug|Any CPU
		{D284A45F-238B-42B2-8AFC-87B0ECCB2777}.Debug|Any CPU.Build.0 = Debug|Any CPU
		{D284A45F-238B-42B2-8AFC-87B0ECCB2777}.Release|Any CPU.ActiveCfg = Release|Any CPU
		{D284A45F-238B-42B2-8AFC-87B0ECCB2777}.Release|Any CPU.Build.0 = Release|Any CPU
	EndGlobalSection
	GlobalSection(SolutionProperties) = preSolution
		HideSolutionNode = FALSE
	EndGlobalSection
	GlobalSection(ExtensibilityGlobals) = postSolution
		SolutionGuid = {08552469-383E-4BCC-B501-CD7A2A04F9F3}
	EndGlobalSection
EndGlobal
