
Microsoft Visual Studio Solution File, Format Version 12.00
# Visual Studio Version 17
VisualStudioVersion = 17.3.32901.215
MinimumVisualStudioVersion = 10.0.40219.1
Project("{FAE04EC0-301F-11D3-BF4B-00C04F79EFBC}") = "Lab3.1", "Lab3.1\Lab3.1.csproj", "{BD3A9765-0455-4F5C-BA4E-B9ACE594E5E4}"
EndProject
Global
	GlobalSection(SolutionConfigurationPlatforms) = preSolution
		Debug|Any CPU = Debug|Any CPU
		Release|Any CPU = Release|Any CPU
	EndGlobalSection
	GlobalSection(ProjectConfigurationPlatforms) = postSolution
		{BD3A9765-0455-4F5C-BA4E-B9ACE594E5E4}.Debug|Any CPU.ActiveCfg = Debug|Any CPU
		{BD3A9765-0455-4F5C-BA4E-B9ACE594E5E4}.Debug|Any CPU.Build.0 = Debug|Any CPU
		{BD3A9765-0455-4F5C-BA4E-B9ACE594E5E4}.Release|Any CPU.ActiveCfg = Release|Any CPU
		{BD3A9765-0455-4F5C-BA4E-B9ACE594E5E4}.Release|Any CPU.Build.0 = Release|Any CPU
	EndGlobalSection
	GlobalSection(SolutionProperties) = preSolution
		HideSolutionNode = FALSE
	EndGlobalSection
	GlobalSection(ExtensibilityGlobals) = postSolution
		SolutionGuid = {CEE8357F-09D5-452F-9C53-31E2AA1A2A89}
	EndGlobalSection
EndGlobal
