
Microsoft Visual Studio Solution File, Format Version 12.00
# Visual Studio Version 17
VisualStudioVersion = 17.3.32901.215
MinimumVisualStudioVersion = 10.0.40219.1
Project("{FAE04EC0-301F-11D3-BF4B-00C04F79EFBC}") = "Lab3_3", "Lab3_3\Lab3_3.csproj", "{BAA41A53-DA9C-49C3-912C-FE92D58EFDAE}"
EndProject
Global
	GlobalSection(SolutionConfigurationPlatforms) = preSolution
		Debug|Any CPU = Debug|Any CPU
		Release|Any CPU = Release|Any CPU
	EndGlobalSection
	GlobalSection(ProjectConfigurationPlatforms) = postSolution
		{BAA41A53-DA9C-49C3-912C-FE92D58EFDAE}.Debug|Any CPU.ActiveCfg = Debug|Any CPU
		{BAA41A53-DA9C-49C3-912C-FE92D58EFDAE}.Debug|Any CPU.Build.0 = Debug|Any CPU
		{BAA41A53-DA9C-49C3-912C-FE92D58EFDAE}.Release|Any CPU.ActiveCfg = Release|Any CPU
		{BAA41A53-DA9C-49C3-912C-FE92D58EFDAE}.Release|Any CPU.Build.0 = Release|Any CPU
	EndGlobalSection
	GlobalSection(SolutionProperties) = preSolution
		HideSolutionNode = FALSE
	EndGlobalSection
	GlobalSection(ExtensibilityGlobals) = postSolution
		SolutionGuid = {B7EC6067-0209-451F-9605-95AA96E4B123}
	EndGlobalSection
EndGlobal
